{
	archiveVersion = 1;
	classes = {
	};
	objectVersion = 56;
	objects = {
		A10000000000000000000001 = {
			isa = PBXProject;
			attributes = {
				LastUpgradeCheck = 1600;
			};
			buildConfigurationList = A10000000000000000000002;
			compatibilityVersion = "Xcode 14.0";
			developmentRegion = en;
			hasScannedForEncodings = 0;
			knownRegions = (
				en,
				Base
			);
			mainGroup = A10000000000000000000003;
			packageReferences = (
			);
			productRefGroup = A10000000000000000000004;
			projectDirPath = "";
			projectRoot = "";
			targets = (
				A10000000000000000000005,
				A10000000000000000000006
			);
		};
		A10000000000000000000002 = {
			isa = XCConfigurationList;
			buildConfigurations = (
				A10000000000000000000007,
				A10000000000000000000008
			);
			defaultConfigurationIsVisible = 0;
			defaultConfigurationName = Release;
		};
		A10000000000000000000003 = {
			isa = PBXGroup;
			children = (
				A7A90ACB24107C131EF7144E,
				AE560125322348780D5B9325,
				A3F9FE803B170A02B6475E09,
				A1FF307089C3B5C0C76F4ADC,
				AB94144D587B10334707370D,
				A9D674D8CE54183D05A72EBF,
				A4B1482221086C475487BED0,
				A08A456D717FF17BE38E7044,
				A986C89EE8122E2C72D79F88,
				ACEC5D6A97BE2B90FE24678A,
				A6351A4D6FD7C5F3DE6C5653,
				A80F3F8A46E17E78809B0BF1,
				AA61953EE3D08900327C17AA,
				A13290FFC0709B92BC31D9A2,
				A93C2BC80AA6B2A2B957FE07,
				A3DDE0A0989729BF8A7048E5,
				A8DF73D8C2935C8B865035B8,
				AA15B182A01ECEF25F499396,
				A78CB644BA53B53F2CF114A3,
				AE3AA951A82811C6F5B59AE4,
				A73BF38D30A4CDFFDCD09A8C,
				AFD192E62FD31061D495CB30,
				A02A2A153CFFED4CEFEDA4D9,
				A46FA81BF8D2894BBEE02C5A,
				A87A7D5BF5DFE40C21C7490A,
				A16A78DC6A49B5E024FCF3C6,
				ACCAC5BECADD9D6CD6270C61,
				A2FDDBE28212E07C5BD396D4,
				A835BFBB706BFECF65143581,
				A50834C49441CBFBC3A616C4,
				AB4F5DE7F7B2FBF6D015A601,
				AF7FD765128CFFD4B16917C9,
				ACBC0CF62F8F814F7FDF6232,
				A10880D6DBFC29C0EA3BFF07,
				AC8B016C6F86342C5160A808,
				AF0547DF6195E7A263E3B466,
				AAE0F97D8CE57352E249633B,
				A5BC11F303052291E6FB2C1B,
				AEB620EE64789952E59B006A,
				AB174A3B018201C704EA6219,
				AF5DA351FBF73C7FBFF2B805,
				A4BA07DD1E0851A352093BC1,
				AFA822C55F0EB6711410EAA3,
				A5E20936E5F8525DAA7DFD3A,
				A549153AEC2703901FADC6CE,
				ADA0DEBE0747651E8E6C6109,
				AC938FD7C68ED288AC7E4FED,
				AD2B88580548E280FD38F0B1,
				A2890D903D2D4D036C61B290,
				A2DBE3DC77B7D5D67C72CF65,
				A7681A1A19F9BB62FD3BBEEF,
				A10000000000000000000058
			);
			name = LumaFrame;
			sourceTree = "<group>";
		};
		A10000000000000000000004 = {
			isa = PBXGroup;
			children = (
				A10000000000000000000024,
				A10000000000000000000025
			);
			name = Products;
			sourceTree = "<group>";
		};
		A10000000000000000000005 = {
			isa = PBXNativeTarget;
			buildConfigurationList = A10000000000000000000026;
			buildPhases = (
				A10000000000000000000027,
				A10000000000000000000028,
				A10000000000000000000029
			);
			buildRules = (
			);
			dependencies = (
			);
			name = LumaFrame;
			packageProductDependencies = (
			);
			productName = LumaFrame;
			productReference = A10000000000000000000024;
			productType = "com.apple.product-type.application";
		};
		A10000000000000000000006 = {
			isa = PBXNativeTarget;
			buildConfigurationList = A10000000000000000000030;
			buildPhases = (
				A10000000000000000000031,
				A10000000000000000000032,
				A10000000000000000000033
			);
			buildRules = (
			);
			dependencies = (
				A10000000000000000000034
			);
			name = LumaFrameTests;
			productName = LumaFrameTests;
			productReference = A10000000000000000000025;
			productType = "com.apple.product-type.bundle.unit-test";
		};
		A10000000000000000000007 = {
			isa = XCBuildConfiguration;
			buildSettings = {
				CLANG_ENABLE_MODULES = YES;
				IPHONEOS_DEPLOYMENT_TARGET = 18.0;
				SDKROOT = iphoneos;
				SWIFT_VERSION = 5.9;
			};
			name = Debug;
		};
		A10000000000000000000008 = {
			isa = XCBuildConfiguration;
			buildSettings = {
				CLANG_ENABLE_MODULES = YES;
				IPHONEOS_DEPLOYMENT_TARGET = 18.0;
				SDKROOT = iphoneos;
				SWIFT_VERSION = 5.9;
			};
			name = Release;
		};
		A10000000000000000000009 = {
			isa = XCBuildConfiguration;
			buildSettings = {
				ASSETCATALOG_COMPILER_GLOBAL_ACCENT_COLOR_NAME = AccentColor;
				CODE_SIGN_STYLE = Automatic;
				CURRENT_PROJECT_VERSION = 1;
				ENABLE_TESTABILITY = YES;
				GENERATE_INFOPLIST_FILE = NO;
				INFOPLIST_FILE = App/Resources/Info.plist;
				LD_RUNPATH_SEARCH_PATHS = (
					"$(inherited)",
					"@executable_path/Frameworks"
				);
				MARKETING_VERSION = 1.0;
				PRODUCT_BUNDLE_IDENTIFIER = com.example.LumaFrame;
				PRODUCT_NAME = "$(TARGET_NAME)";
				SWIFT_EMIT_LOC_STRINGS = YES;
				SWIFT_OBJC_BRIDGING_HEADER = "App/Sources/Support/LumaFrame-Bridging-Header.h";
				TARGETED_DEVICE_FAMILY = 1;
			};
			name = Debug;
		};
		A10000000000000000000035 = {
			isa = XCBuildConfiguration;
			buildSettings = {
				ASSETCATALOG_COMPILER_GLOBAL_ACCENT_COLOR_NAME = AccentColor;
				CODE_SIGN_STYLE = Automatic;
				CURRENT_PROJECT_VERSION = 1;
				GENERATE_INFOPLIST_FILE = NO;
				INFOPLIST_FILE = App/Resources/Info.plist;
				LD_RUNPATH_SEARCH_PATHS = (
					"$(inherited)",
					"@executable_path/Frameworks"
				);
				MARKETING_VERSION = 1.0;
				PRODUCT_BUNDLE_IDENTIFIER = com.example.LumaFrame;
				PRODUCT_NAME = "$(TARGET_NAME)";
				SWIFT_EMIT_LOC_STRINGS = YES;
				SWIFT_OBJC_BRIDGING_HEADER = "App/Sources/Support/LumaFrame-Bridging-Header.h";
				TARGETED_DEVICE_FAMILY = 1;
			};
			name = Release;
		};
		A10000000000000000000054 = {
			isa = XCBuildConfiguration;
			buildSettings = {
				BUNDLE_LOADER = "$(TEST_HOST)";
				GENERATE_INFOPLIST_FILE = YES;
				INFOPLIST_FILE = "";
				PRODUCT_BUNDLE_IDENTIFIER = com.example.LumaFrameTests;
				PRODUCT_NAME = "$(TARGET_NAME)";
				SWIFT_VERSION = 5.9;
				TARGETED_DEVICE_FAMILY = 1;
				TEST_HOST = "$(BUILT_PRODUCTS_DIR)/LumaFrame.app/LumaFrame";
			};
			name = Debug;
		};
		A10000000000000000000055 = {
			isa = XCBuildConfiguration;
			buildSettings = {
				BUNDLE_LOADER = "$(TEST_HOST)";
				GENERATE_INFOPLIST_FILE = YES;
				INFOPLIST_FILE = "";
				PRODUCT_BUNDLE_IDENTIFIER = com.example.LumaFrameTests;
				PRODUCT_NAME = "$(TARGET_NAME)";
				SWIFT_VERSION = 5.9;
				TARGETED_DEVICE_FAMILY = 1;
				TEST_HOST = "$(BUILT_PRODUCTS_DIR)/LumaFrame.app/LumaFrame";
			};
			name = Release;
		};
		A10000000000000000000024 = {
			isa = PBXFileReference;
			explicitFileType = wrapper.application;
			includeInIndex = 0;
			path = LumaFrame.app;
			sourceTree = BUILT_PRODUCTS_DIR;
		};
		A10000000000000000000025 = {
			isa = PBXFileReference;
			explicitFileType = wrapper.cfbundle;
			includeInIndex = 0;
			path = LumaFrameTests.xctest;
			sourceTree = BUILT_PRODUCTS_DIR;
		};
		A10000000000000000000026 = {
			isa = XCConfigurationList;
			buildConfigurations = (
				A10000000000000000000009,
				A10000000000000000000035
			);
			defaultConfigurationIsVisible = 0;
			defaultConfigurationName = Release;
		};
		A10000000000000000000030 = {
			isa = XCConfigurationList;
			buildConfigurations = (
				A10000000000000000000054,
				A10000000000000000000055
			);
			defaultConfigurationIsVisible = 0;
			defaultConfigurationName = Release;
		};
		A10000000000000000000027 = {
			isa = PBXSourcesBuildPhase;
			buildActionMask = 2147483647;
			files = (
				C15352A586C2134E09B448B6,
				CA989FE2240D664E2733F871,
				C09CBF3F68320016356FC1DB,
				C9D29708200C20F35A80BF53,
				CB60C54261C26C739BE10EDC,
				CC4BE04410BDB19C788C79E7,
				C14AD38C0F9C5DD49F829C7D,
				C241B9A9353C2A7EFCAF0D21,
				CDE3B1D6B126969DC101E534,
				C60927296F1CDD49E8A685C9,
				C261AE566CA25491BA9D300C,
				C57A0DA2E6EC6072B806CCB2,
				CBBA318E0866F9D238D2FAE1,
				C6907871D060BA394FCBA123,
				CE440584A046EA2ED99BBAF4,
				C51CC1AE42E91FF1A12557C7,
				CCE63BAEA758D0C9BB9AB9A6,
				C4154B853A94A9A8B76BF960,
				C32F0453C2705575275EBD9C,
				C5746E540D7D8C66FB225411,
				C3335EBEB15A39A57687F196,
				C14F55B0BA7335DEE40563B0,
				C9567CE8C0EE524653499FA9,
				CBC555BBDADBCEB25D89CCED,
				C1389DB9408908EB53F4801C,
				C495B0E33B8AAAA32C96D76A,
				CB021E25F76124D8F5CD5ACD,
				C8D601BA67B59311E3BA79BB,
				C1D45DCD8B8F1BFC8C869CDE,
				C7D0780ABD89F9BB7E0CA5E1,
				CF93BFA51E0FF98C4D788C23,
				C08A489679DF1A5BC07ECEE2,
				CB7336D15371172CBD060428,
				CB027F8F37C8B0ECE2069B9E,
				C2A1FBECAA50DFCFF699BB6B,
				C71E13AF5E13F6481B89EB4E,
				CDB8F82FA873B01CFE9AB0D3,
				CA974A731C2FD5B4E35E7AEB,
				C8F0875D32195865344EC1F9,
				C4AA261019E06676EC934AA8,
				C1F850435B6C78A454F5B4BC,
				C4DA73A05B3B8030C75BC53C,
				C6FEE4DA81F4AE9A32EEE859,
				CE7682ADF4BECB5A828EAE47,
			);
			runOnlyForDeploymentPostprocessing = 0;
		};
		A10000000000000000000031 = {
			isa = PBXSourcesBuildPhase;
			buildActionMask = 2147483647;
			files = (
				D7EA069DAB30A429FBAE2818,
				D8343F3D69C04F13AD71A04B,
				DF8246E931F2AD3EAA34D9E7,
				DE69752AFD735837BE0E75AB,
				D0D1942134E71C67DBB59C17,
			);
			runOnlyForDeploymentPostprocessing = 0;
		};
		A10000000000000000000028 = {
			isa = PBXFrameworksBuildPhase;
			buildActionMask = 2147483647;
			files = (
			);
			runOnlyForDeploymentPostprocessing = 0;
		};
		A10000000000000000000032 = {
			isa = PBXFrameworksBuildPhase;
			buildActionMask = 2147483647;
			files = (
			);
			runOnlyForDeploymentPostprocessing = 0;
		};
		A10000000000000000000029 = {
			isa = PBXResourcesBuildPhase;
			buildActionMask = 2147483647;
			files = (
				A10000000000000000000053,
			);
			runOnlyForDeploymentPostprocessing = 0;
		};
		A10000000000000000000033 = {
			isa = PBXResourcesBuildPhase;
			buildActionMask = 2147483647;
			files = (
			);
			runOnlyForDeploymentPostprocessing = 0;
		};
		A10000000000000000000034 = {
			isa = PBXTargetDependency;
			target = A10000000000000000000005;
			targetProxy = A10000000000000000000057;
		};
		A10000000000000000000057 = {
			isa = PBXContainerItemProxy;
			containerPortal = A10000000000000000000001;
			proxyType = 1;
			remoteGlobalIDString = A10000000000000000000005;
			remoteInfo = LumaFrame;
		};
		A7A90ACB24107C131EF7144E = {
			isa = PBXFileReference;
			lastKnownFileType = sourcecode.swift;
			path = App/Sources/App/LumaFrameApp.swift;
			sourceTree = "<group>";
		};
		AE560125322348780D5B9325 = {
			isa = PBXFileReference;
			lastKnownFileType = sourcecode.swift;
			path = App/Sources/App/RootView.swift;
			sourceTree = "<group>";
		};
		A3F9FE803B170A02B6475E09 = {
			isa = PBXFileReference;
			lastKnownFileType = sourcecode.swift;
			path = App/Sources/Camera/CameraCapabilities.swift;
			sourceTree = "<group>";
		};
		A1FF307089C3B5C0C76F4ADC = {
			isa = PBXFileReference;
			lastKnownFileType = sourcecode.swift;
			path = App/Sources/Camera/CameraRelease.swift;
			sourceTree = "<group>";
		};
		AB94144D587B10334707370D = {
			isa = PBXFileReference;
			lastKnownFileType = sourcecode.swift;
			path = App/Sources/Camera/CameraScreen.swift;
			sourceTree = "<group>";
		};
		A9D674D8CE54183D05A72EBF = {
			isa = PBXFileReference;
			lastKnownFileType = sourcecode.swift;
			path = App/Sources/Camera/CameraViewModel.swift;
			sourceTree = "<group>";
		};
		A4B1482221086C475487BED0 = {
			isa = PBXFileReference;
			lastKnownFileType = sourcecode.swift;
			path = App/Sources/Camera/CaptureFormatChooser.swift;
			sourceTree = "<group>";
		};
		A08A456D717FF17BE38E7044 = {
			isa = PBXFileReference;
			lastKnownFileType = sourcecode.swift;
			path = App/Sources/Camera/CaptureSessionController.swift;
			sourceTree = "<group>";
		};
		A986C89EE8122E2C72D79F88 = {
			isa = PBXFileReference;
			lastKnownFileType = sourcecode.swift;
			path = App/Sources/Camera/PhotoCaptureController.swift;
			sourceTree = "<group>";
		};
		ACEC5D6A97BE2B90FE24678A = {
			isa = PBXFileReference;
			lastKnownFileType = sourcecode.swift;
			path = App/Sources/Camera/PreviewMeter.swift;
			sourceTree = "<group>";
		};
		A6351A4D6FD7C5F3DE6C5653 = {
			isa = PBXFileReference;
			lastKnownFileType = sourcecode.swift;
			path = App/Sources/Camera/PreviewView.swift;
			sourceTree = "<group>";
		};
		A80F3F8A46E17E78809B0BF1 = {
			isa = PBXFileReference;
			lastKnownFileType = sourcecode.swift;
			path = App/Sources/Camera/ProcessedPreview.swift;
			sourceTree = "<group>";
		};
		AA61953EE3D08900327C17AA = {
			isa = PBXFileReference;
			lastKnownFileType = sourcecode.swift;
			path = App/Sources/Camera/ProcessedPreviewView.swift;
			sourceTree = "<group>";
		};
		A13290FFC0709B92BC31D9A2 = {
			isa = PBXFileReference;
			lastKnownFileType = sourcecode.swift;
			path = App/Sources/DesignSystem/Theme.swift;
			sourceTree = "<group>";
		};
		A93C2BC80AA6B2A2B957FE07 = {
			isa = PBXFileReference;
			lastKnownFileType = sourcecode.swift;
			path = App/Sources/Diagnostics/AVFoundationProbe.swift;
			sourceTree = "<group>";
		};
		A3DDE0A0989729BF8A7048E5 = {
			isa = PBXFileReference;
			lastKnownFileType = sourcecode.swift;
			path = App/Sources/Diagnostics/CapabilityCollector.swift;
			sourceTree = "<group>";
		};
		A8DF73D8C2935C8B865035B8 = {
			isa = PBXFileReference;
			lastKnownFileType = sourcecode.swift;
			path = App/Sources/Diagnostics/CoreMLProbe.swift;
			sourceTree = "<group>";
		};
		AA15B182A01ECEF25F499396 = {
			isa = PBXFileReference;
			lastKnownFileType = sourcecode.swift;
			path = App/Sources/Diagnostics/DeviceProbe.swift;
			sourceTree = "<group>";
		};
		A78CB644BA53B53F2CF114A3 = {
			isa = PBXFileReference;
			lastKnownFileType = sourcecode.swift;
			path = App/Sources/Diagnostics/ProbeTrace.swift;
			sourceTree = "<group>";
		};
		AE3AA951A82811C6F5B59AE4 = {
			isa = PBXFileReference;
			lastKnownFileType = sourcecode.swift;
			path = App/Sources/Diagnostics/Report.swift;
			sourceTree = "<group>";
		};
		A73BF38D30A4CDFFDCD09A8C = {
			isa = PBXFileReference;
			lastKnownFileType = sourcecode.swift;
			path = App/Sources/Diagnostics/ReportExporter.swift;
			sourceTree = "<group>";
		};
		AFD192E62FD31061D495CB30 = {
			isa = PBXFileReference;
			lastKnownFileType = sourcecode.swift;
			path = App/Sources/Diagnostics/ReportScreen.swift;
			sourceTree = "<group>";
		};
		A02A2A153CFFED4CEFEDA4D9 = {
			isa = PBXFileReference;
			lastKnownFileType = sourcecode.swift;
			path = App/Sources/Diagnostics/ReportSectionView.swift;
			sourceTree = "<group>";
		};
		A46FA81BF8D2894BBEE02C5A = {
			isa = PBXFileReference;
			lastKnownFileType = sourcecode.swift;
			path = App/Sources/Diagnostics/ReportViewModel.swift;
			sourceTree = "<group>";
		};
		A87A7D5BF5DFE40C21C7490A = {
			isa = PBXFileReference;
			lastKnownFileType = sourcecode.swift;
			path = App/Sources/Diagnostics/ShareSheet.swift;
			sourceTree = "<group>";
		};
		A16A78DC6A49B5E024FCF3C6 = {
			isa = PBXFileReference;
			lastKnownFileType = sourcecode.swift;
			path = App/Sources/Looks/GeneratedLooks.swift;
			sourceTree = "<group>";
		};
		ACCAC5BECADD9D6CD6270C61 = {
			isa = PBXFileReference;
			lastKnownFileType = sourcecode.swift;
			path = App/Sources/Looks/Look.swift;
			sourceTree = "<group>";
		};
		A2FDDBE28212E07C5BD396D4 = {
			isa = PBXFileReference;
			lastKnownFileType = sourcecode.swift;
			path = App/Sources/Looks/LookLibrary.swift;
			sourceTree = "<group>";
		};
		A835BFBB706BFECF65143581 = {
			isa = PBXFileReference;
			lastKnownFileType = sourcecode.swift;
			path = App/Sources/Processing/ColorSpace.swift;
			sourceTree = "<group>";
		};
		A50834C49441CBFBC3A616C4 = {
			isa = PBXFileReference;
			lastKnownFileType = sourcecode.swift;
			path = App/Sources/Processing/CubeLUT.swift;
			sourceTree = "<group>";
		};
		AB4F5DE7F7B2FBF6D015A601 = {
			isa = PBXFileReference;
			lastKnownFileType = sourcecode.swift;
			path = App/Sources/Processing/CubeLUTError.swift;
			sourceTree = "<group>";
		};
		AF7FD765128CFFD4B16917C9 = {
			isa = PBXFileReference;
			lastKnownFileType = sourcecode.swift;
			path = App/Sources/Processing/CubeLUTParser.swift;
			sourceTree = "<group>";
		};
		ACBC0CF62F8F814F7FDF6232 = {
			isa = PBXFileReference;
			lastKnownFileType = sourcecode.swift;
			path = App/Sources/Processing/LUTProcessor.swift;
			sourceTree = "<group>";
		};
		A10880D6DBFC29C0EA3BFF07 = {
			isa = PBXFileReference;
			lastKnownFileType = sourcecode.swift;
			path = App/Sources/Processing/ProcessingPipeline.swift;
			sourceTree = "<group>";
		};
		AC8B016C6F86342C5160A808 = {
			isa = PBXFileReference;
			lastKnownFileType = sourcecode.swift;
			path = App/Sources/Processing/ProcessingSettings.swift;
			sourceTree = "<group>";
		};
		AF0547DF6195E7A263E3B466 = {
			isa = PBXFileReference;
			lastKnownFileType = sourcecode.swift;
			path = App/Sources/Processing/SubjectMask.swift;
			sourceTree = "<group>";
		};
		AAE0F97D8CE57352E249633B = {
			isa = PBXFileReference;
			lastKnownFileType = sourcecode.swift;
			path = App/Sources/Processing/ToneCurve.swift;
			sourceTree = "<group>";
		};
		A5BC11F303052291E6FB2C1B = {
			isa = PBXFileReference;
			lastKnownFileType = sourcecode.swift;
			path = App/Sources/Storage/CaptureMetadata.swift;
			sourceTree = "<group>";
		};
		AEB620EE64789952E59B006A = {
			isa = PBXFileReference;
			lastKnownFileType = sourcecode.swift;
			path = App/Sources/Storage/PhotoStore.swift;
			sourceTree = "<group>";
		};
		AB174A3B018201C704EA6219 = {
			isa = PBXFileReference;
			lastKnownFileType = sourcecode.swift;
			path = App/Sources/Support/AppLog.swift;
			sourceTree = "<group>";
		};
		AF5DA351FBF73C7FBFF2B805 = {
			isa = PBXFileReference;
			lastKnownFileType = sourcecode.swift;
			path = App/Sources/Support/Haptics.swift;
			sourceTree = "<group>";
		};
		A4BA07DD1E0851A352093BC1 = {
			isa = PBXFileReference;
			lastKnownFileType = sourcecode.swift;
			path = App/Sources/Support/LumaFrameLogFile.swift;
			sourceTree = "<group>";
		};
		AFA822C55F0EB6711410EAA3 = {
			isa = PBXFileReference;
			lastKnownFileType = sourcecode.c.objc;
			path = App/Sources/Support/LumaFrameSafety.m;
			sourceTree = "<group>";
		};
		A5E20936E5F8525DAA7DFD3A = {
			isa = PBXFileReference;
			lastKnownFileType = sourcecode.swift;
			path = App/Sources/Support/MemoryProbe.swift;
			sourceTree = "<group>";
		};
		A549153AEC2703901FADC6CE = {
			isa = PBXFileReference;
			lastKnownFileType = sourcecode.c.h;
			path = "App/Sources/Support/LumaFrame-Bridging-Header.h";
			sourceTree = "<group>";
		};
		ADA0DEBE0747651E8E6C6109 = {
			isa = PBXFileReference;
			lastKnownFileType = sourcecode.c.h;
			path = App/Sources/Support/LumaFrameSafety.h;
			sourceTree = "<group>";
		};
		AC938FD7C68ED288AC7E4FED = {
			isa = PBXFileReference;
			lastKnownFileType = sourcecode.swift;
			path = App/Tests/CameraStep1Tests.swift;
			sourceTree = "<group>";
		};
		AD2B88580548E280FD38F0B1 = {
			isa = PBXFileReference;
			lastKnownFileType = sourcecode.swift;
			path = App/Tests/CubeLUTParserTests.swift;
			sourceTree = "<group>";
		};
		A2890D903D2D4D036C61B290 = {
			isa = PBXFileReference;
			lastKnownFileType = sourcecode.swift;
			path = App/Tests/LUTProcessorTests.swift;
			sourceTree = "<group>";
		};
		A2DBE3DC77B7D5D67C72CF65 = {
			isa = PBXFileReference;
			lastKnownFileType = sourcecode.swift;
			path = App/Tests/ProcessingPipelineTests.swift;
			sourceTree = "<group>";
		};
		A7681A1A19F9BB62FD3BBEEF = {
			isa = PBXFileReference;
			lastKnownFileType = sourcecode.swift;
			path = App/Tests/ReportTextTests.swift;
			sourceTree = "<group>";
		};
		C15352A586C2134E09B448B6 = {
			isa = PBXBuildFile;
			fileRef = A7A90ACB24107C131EF7144E;
		};
		CA989FE2240D664E2733F871 = {
			isa = PBXBuildFile;
			fileRef = AE560125322348780D5B9325;
		};
		C09CBF3F68320016356FC1DB = {
			isa = PBXBuildFile;
			fileRef = A3F9FE803B170A02B6475E09;
		};
		C9D29708200C20F35A80BF53 = {
			isa = PBXBuildFile;
			fileRef = A1FF307089C3B5C0C76F4ADC;
		};
		CB60C54261C26C739BE10EDC = {
			isa = PBXBuildFile;
			fileRef = AB94144D587B10334707370D;
		};
		CC4BE04410BDB19C788C79E7 = {
			isa = PBXBuildFile;
			fileRef = A9D674D8CE54183D05A72EBF;
		};
		C14AD38C0F9C5DD49F829C7D = {
			isa = PBXBuildFile;
			fileRef = A4B1482221086C475487BED0;
		};
		C241B9A9353C2A7EFCAF0D21 = {
			isa = PBXBuildFile;
			fileRef = A08A456D717FF17BE38E7044;
		};
		CDE3B1D6B126969DC101E534 = {
			isa = PBXBuildFile;
			fileRef = A986C89EE8122E2C72D79F88;
		};
		C60927296F1CDD49E8A685C9 = {
			isa = PBXBuildFile;
			fileRef = ACEC5D6A97BE2B90FE24678A;
		};
		C261AE566CA25491BA9D300C = {
			isa = PBXBuildFile;
			fileRef = A6351A4D6FD7C5F3DE6C5653;
		};
		C57A0DA2E6EC6072B806CCB2 = {
			isa = PBXBuildFile;
			fileRef = A80F3F8A46E17E78809B0BF1;
		};
		CBBA318E0866F9D238D2FAE1 = {
			isa = PBXBuildFile;
			fileRef = AA61953EE3D08900327C17AA;
		};
		C6907871D060BA394FCBA123 = {
			isa = PBXBuildFile;
			fileRef = A13290FFC0709B92BC31D9A2;
		};
		CE440584A046EA2ED99BBAF4 = {
			isa = PBXBuildFile;
			fileRef = A93C2BC80AA6B2A2B957FE07;
		};
		C51CC1AE42E91FF1A12557C7 = {
			isa = PBXBuildFile;
			fileRef = A3DDE0A0989729BF8A7048E5;
		};
		CCE63BAEA758D0C9BB9AB9A6 = {
			isa = PBXBuildFile;
			fileRef = A8DF73D8C2935C8B865035B8;
		};
		C4154B853A94A9A8B76BF960 = {
			isa = PBXBuildFile;
			fileRef = AA15B182A01ECEF25F499396;
		};
		C32F0453C2705575275EBD9C = {
			isa = PBXBuildFile;
			fileRef = A78CB644BA53B53F2CF114A3;
		};
		C5746E540D7D8C66FB225411 = {
			isa = PBXBuildFile;
			fileRef = AE3AA951A82811C6F5B59AE4;
		};
		C3335EBEB15A39A57687F196 = {
			isa = PBXBuildFile;
			fileRef = A73BF38D30A4CDFFDCD09A8C;
		};
		C14F55B0BA7335DEE40563B0 = {
			isa = PBXBuildFile;
			fileRef = AFD192E62FD31061D495CB30;
		};
		C9567CE8C0EE524653499FA9 = {
			isa = PBXBuildFile;
			fileRef = A02A2A153CFFED4CEFEDA4D9;
		};
		CBC555BBDADBCEB25D89CCED = {
			isa = PBXBuildFile;
			fileRef = A46FA81BF8D2894BBEE02C5A;
		};
		C1389DB9408908EB53F4801C = {
			isa = PBXBuildFile;
			fileRef = A87A7D5BF5DFE40C21C7490A;
		};
		C495B0E33B8AAAA32C96D76A = {
			isa = PBXBuildFile;
			fileRef = A16A78DC6A49B5E024FCF3C6;
		};
		CB021E25F76124D8F5CD5ACD = {
			isa = PBXBuildFile;
			fileRef = ACCAC5BECADD9D6CD6270C61;
		};
		C8D601BA67B59311E3BA79BB = {
			isa = PBXBuildFile;
			fileRef = A2FDDBE28212E07C5BD396D4;
		};
		C1D45DCD8B8F1BFC8C869CDE = {
			isa = PBXBuildFile;
			fileRef = A835BFBB706BFECF65143581;
		};
		C7D0780ABD89F9BB7E0CA5E1 = {
			isa = PBXBuildFile;
			fileRef = A50834C49441CBFBC3A616C4;
		};
		CF93BFA51E0FF98C4D788C23 = {
			isa = PBXBuildFile;
			fileRef = AB4F5DE7F7B2FBF6D015A601;
		};
		C08A489679DF1A5BC07ECEE2 = {
			isa = PBXBuildFile;
			fileRef = AF7FD765128CFFD4B16917C9;
		};
		CB7336D15371172CBD060428 = {
			isa = PBXBuildFile;
			fileRef = ACBC0CF62F8F814F7FDF6232;
		};
		CB027F8F37C8B0ECE2069B9E = {
			isa = PBXBuildFile;
			fileRef = A10880D6DBFC29C0EA3BFF07;
		};
		C2A1FBECAA50DFCFF699BB6B = {
			isa = PBXBuildFile;
			fileRef = AC8B016C6F86342C5160A808;
		};
		C71E13AF5E13F6481B89EB4E = {
			isa = PBXBuildFile;
			fileRef = AF0547DF6195E7A263E3B466;
		};
		CDB8F82FA873B01CFE9AB0D3 = {
			isa = PBXBuildFile;
			fileRef = AAE0F97D8CE57352E249633B;
		};
		CA974A731C2FD5B4E35E7AEB = {
			isa = PBXBuildFile;
			fileRef = A5BC11F303052291E6FB2C1B;
		};
		C8F0875D32195865344EC1F9 = {
			isa = PBXBuildFile;
			fileRef = AEB620EE64789952E59B006A;
		};
		C4AA261019E06676EC934AA8 = {
			isa = PBXBuildFile;
			fileRef = AB174A3B018201C704EA6219;
		};
		C1F850435B6C78A454F5B4BC = {
			isa = PBXBuildFile;
			fileRef = AF5DA351FBF73C7FBFF2B805;
		};
		C4DA73A05B3B8030C75BC53C = {
			isa = PBXBuildFile;
			fileRef = A4BA07DD1E0851A352093BC1;
		};
		C6FEE4DA81F4AE9A32EEE859 = {
			isa = PBXBuildFile;
			fileRef = AFA822C55F0EB6711410EAA3;
		};
		CE7682ADF4BECB5A828EAE47 = {
			isa = PBXBuildFile;
			fileRef = A5E20936E5F8525DAA7DFD3A;
		};
		D7EA069DAB30A429FBAE2818 = {
			isa = PBXBuildFile;
			fileRef = AC938FD7C68ED288AC7E4FED;
		};
		D8343F3D69C04F13AD71A04B = {
			isa = PBXBuildFile;
			fileRef = AD2B88580548E280FD38F0B1;
		};
		DF8246E931F2AD3EAA34D9E7 = {
			isa = PBXBuildFile;
			fileRef = A2890D903D2D4D036C61B290;
		};
		DE69752AFD735837BE0E75AB = {
			isa = PBXBuildFile;
			fileRef = A2DBE3DC77B7D5D67C72CF65;
		};
		D0D1942134E71C67DBB59C17 = {
			isa = PBXBuildFile;
			fileRef = A7681A1A19F9BB62FD3BBEEF;
		};
		A10000000000000000000053 = {
			isa = PBXBuildFile;
			fileRef = A10000000000000000000058;
		};
		A10000000000000000000058 = {
			isa = PBXFileReference;
			lastKnownFileType = folder.assetcatalog;
			path = App/Resources/Assets.xcassets;
			sourceTree = "<group>";
		};
	};
	rootObject = A10000000000000000000001;
}
